
Microsoft Visual Studio Solution File, Format Version 12.00
# Visual Studio Version 17
VisualStudioVersion = 17.5.33516.290
MinimumVisualStudioVersion = 10.0.40219.1
Project("{FAE04EC0-301F-11D3-BF4B-00C04F79EFBC}") = "GestionsApp", "GestionsApp\GestionsApp.csproj", "{758BFF43-0009-4F81-A58F-E238AC9E11CE}"
EndProject
Global
	GlobalSection(SolutionConfigurationPlatforms) = preSolution
		Debug|Any CPU = Debug|Any CPU
		Release|Any CPU = Release|Any CPU
	EndGlobalSection
	GlobalSection(ProjectConfigurationPlatforms) = postSolution
		{758BFF43-0009-4F81-A58F-E238AC9E11CE}.Debug|Any CPU.ActiveCfg = Debug|Any CPU
		{758BFF43-0009-4F81-A58F-E238AC9E11CE}.Debug|Any CPU.Build.0 = Debug|Any CPU
		{758BFF43-0009-4F81-A58F-E238AC9E11CE}.Release|Any CPU.ActiveCfg = Release|Any CPU
		{758BFF43-0009-4F81-A58F-E238AC9E11CE}.Release|Any CPU.Build.0 = Release|Any CPU
	EndGlobalSection
	GlobalSection(SolutionProperties) = preSolution
		HideSolutionNode = FALSE
	EndGlobalSection
	GlobalSection(ExtensibilityGlobals) = postSolution
		SolutionGuid = {B8F70023-BBF2-4F68-BB3B-C634F8601B25}
	EndGlobalSection
EndGlobal
